
Microsoft Visual Studio Solution File, Format Version 12.00
# Visual Studio Version 17
VisualStudioVersion = 17.3.32929.385
MinimumVisualStudioVersion = 10.0.40219.1
Project("{FAE04EC0-301F-11D3-BF4B-00C04F79EFBC}") = "ANdersonRepaso", "ANdersonRepaso\ANdersonRepaso.csproj", "{95107103-0C87-4127-A4D4-12B909EAEDAA}"
EndProject
Global
	GlobalSection(SolutionConfigurationPlatforms) = preSolution
		Debug|Any CPU = Debug|Any CPU
		Release|Any CPU = Release|Any CPU
	EndGlobalSection
	GlobalSection(ProjectConfigurationPlatforms) = postSolution
		{95107103-0C87-4127-A4D4-12B909EAEDAA}.Debug|Any CPU.ActiveCfg = Debug|Any CPU
		{95107103-0C87-4127-A4D4-12B909EAEDAA}.Debug|Any CPU.Build.0 = Debug|Any CPU
		{95107103-0C87-4127-A4D4-12B909EAEDAA}.Release|Any CPU.ActiveCfg = Release|Any CPU
		{95107103-0C87-4127-A4D4-12B909EAEDAA}.Release|Any CPU.Build.0 = Release|Any CPU
	EndGlobalSection
	GlobalSection(SolutionProperties) = preSolution
		HideSolutionNode = FALSE
	EndGlobalSection
	GlobalSection(ExtensibilityGlobals) = postSolution
		SolutionGuid = {224AF266-EBA0-4F40-BF5A-091F3E8B21F1}
	EndGlobalSection
EndGlobal
